
Microsoft Visual Studio Solution File, Format Version 12.00
# Visual Studio 2012
Project("{FAE04EC0-301F-11D3-BF4B-00C04F79EFBC}") = "ImageResize", "ImageResize\ImageResize.csproj", "{BB67298F-2E8F-41EC-A48B-47FB5824932B}"
EndProject
Global
	GlobalSection(SolutionConfigurationPlatforms) = preSolution
		Debug|Any CPU = Debug|Any CPU
		Release|Any CPU = Release|Any CPU
	EndGlobalSection
	GlobalSection(ProjectConfigurationPlatforms) = postSolution
		{BB67298F-2E8F-41EC-A48B-47FB5824932B}.Debug|Any CPU.ActiveCfg = Debug|Any CPU
		{BB67298F-2E8F-41EC-A48B-47FB5824932B}.Debug|Any CPU.Build.0 = Debug|Any CPU
		{BB67298F-2E8F-41EC-A48B-47FB5824932B}.Release|Any CPU.ActiveCfg = Release|Any CPU
		{BB67298F-2E8F-41EC-A48B-47FB5824932B}.Release|Any CPU.Build.0 = Release|Any CPU
	EndGlobalSection
	GlobalSection(SolutionProperties) = preSolution
		HideSolutionNode = FALSE
	EndGlobalSection
EndGlobal
